
Microsoft Visual Studio Solution File, Format Version 12.00
# Visual Studio Version 17
VisualStudioVersion = 17.4.33213.308
MinimumVisualStudioVersion = 10.0.40219.1
Project("{2150E333-8FDC-42A3-9474-1A3956D46DE8}") = "Solution Items", "Solution Items", "{B6001319-9B0E-4C38-9D30-5CEB8E684CD1}"
	ProjectSection(SolutionItems) = preProject
		.gitignore = .gitignore
	EndProjectSection
EndProject
Project("{2150E333-8FDC-42A3-9474-1A3956D46DE8}") = "Building Block", "Building Block", "{0709EA95-731B-45B7-8936-BB537B1D2B11}"
EndProject
Project("{2150E333-8FDC-42A3-9474-1A3956D46DE8}") = "Services", "Services", "{0525647A-9404-40C7-9259-CCC707AEE49E}"
EndProject
Project("{2150E333-8FDC-42A3-9474-1A3956D46DE8}") = "Portal", "Portal", "{D799AFB7-6552-45C7-B616-D106B0007A46}"
EndProject
Project("{9A19103F-16F7-4668-BE54-9A1E7A4F7556}") = "Portal.API", "Portal.API\Portal.API.csproj", "{C2FCF98B-A9E9-42B0-A4D6-FC63F0E6809F}"
EndProject
Project("{9A19103F-16F7-4668-BE54-9A1E7A4F7556}") = "Portal.Application", "Portal.Application\Portal.Application.csproj", "{E3FC6150-5DB5-4A97-9471-439C1FCF13E2}"
EndProject
Project("{9A19103F-16F7-4668-BE54-9A1E7A4F7556}") = "Portal.Infrastructure", "Portal.Infrastructure\Portal.Infrastructure.csproj", "{B7F8D311-D245-4B09-940F-78F69DCC2180}"
EndProject
Project("{9A19103F-16F7-4668-BE54-9A1E7A4F7556}") = "Portal.Domain", "Portal.Domain\Portal.Domain.csproj", "{483CFD92-A760-4AE4-8240-05D3D1CCF1DC}"
EndProject
Project("{9A19103F-16F7-4668-BE54-9A1E7A4F7556}") = "Common.Contract", "Common.Contract\Common.Contract.csproj", "{DF0BD5EE-399E-4AA2-B824-08620A587E89}"
EndProject
Project("{9A19103F-16F7-4668-BE54-9A1E7A4F7556}") = "Common.Infrastructure", "Common.Infrastructure\Common.Infrastructure.csproj", "{667A7455-F61E-4716-935C-99D5A15B5B33}"
EndProject
Project("{9A19103F-16F7-4668-BE54-9A1E7A4F7556}") = "Common.Share", "Common.Share\Common.Share.csproj", "{815060E7-B334-44E5-934E-B08357F756FB}"
EndProject
Project("{9A19103F-16F7-4668-BE54-9A1E7A4F7556}") = "Common.Common", "Common.Common\Common.Common.csproj", "{48B3EC82-B868-456F-906B-D1984487E268}"
EndProject
Project("{2150E333-8FDC-42A3-9474-1A3956D46DE8}") = "Api", "Api", "{0BC4F4E5-9690-4BC2-B8D8-DC93380AEBBD}"
EndProject
Project("{2150E333-8FDC-42A3-9474-1A3956D46DE8}") = "Application", "Application", "{25DF9242-D96D-40B7-ADE4-E353D66EB212}"
EndProject
Project("{2150E333-8FDC-42A3-9474-1A3956D46DE8}") = "Infrastructure", "Infrastructure", "{AC8899D2-EA48-4C00-9F16-5B7EE8F1291C}"
EndProject
Project("{2150E333-8FDC-42A3-9474-1A3956D46DE8}") = "Domain", "Domain", "{037379CE-BF1F-4FEC-B808-669AE0118B48}"
EndProject
Project("{9A19103F-16F7-4668-BE54-9A1E7A4F7556}") = "Common.Logging", "Common.Logging\Common.Logging.csproj", "{A3C6D7BA-8F1B-4004-96B6-42A927119575}"
EndProject
Project("{9A19103F-16F7-4668-BE54-9A1E7A4F7556}") = "Common.Dtos", "Common.Dtos\Common.Dtos.csproj", "{927C3CDD-3D97-4021-AF19-1CDCBCC99FD0}"
EndProject
Global
	GlobalSection(SolutionConfigurationPlatforms) = preSolution
		Debug|Any CPU = Debug|Any CPU
		Release|Any CPU = Release|Any CPU
	EndGlobalSection
	GlobalSection(ProjectConfigurationPlatforms) = postSolution
		{C2FCF98B-A9E9-42B0-A4D6-FC63F0E6809F}.Debug|Any CPU.ActiveCfg = Debug|Any CPU
		{C2FCF98B-A9E9-42B0-A4D6-FC63F0E6809F}.Debug|Any CPU.Build.0 = Debug|Any CPU
		{C2FCF98B-A9E9-42B0-A4D6-FC63F0E6809F}.Release|Any CPU.ActiveCfg = Release|Any CPU
		{C2FCF98B-A9E9-42B0-A4D6-FC63F0E6809F}.Release|Any CPU.Build.0 = Release|Any CPU
		{E3FC6150-5DB5-4A97-9471-439C1FCF13E2}.Debug|Any CPU.ActiveCfg = Debug|Any CPU
		{E3FC6150-5DB5-4A97-9471-439C1FCF13E2}.Debug|Any CPU.Build.0 = Debug|Any CPU
		{E3FC6150-5DB5-4A97-9471-439C1FCF13E2}.Release|Any CPU.ActiveCfg = Release|Any CPU
		{E3FC6150-5DB5-4A97-9471-439C1FCF13E2}.Release|Any CPU.Build.0 = Release|Any CPU
		{B7F8D311-D245-4B09-940F-78F69DCC2180}.Debug|Any CPU.ActiveCfg = Debug|Any CPU
		{B7F8D311-D245-4B09-940F-78F69DCC2180}.Debug|Any CPU.Build.0 = Debug|Any CPU
		{B7F8D311-D245-4B09-940F-78F69DCC2180}.Release|Any CPU.ActiveCfg = Release|Any CPU
		{B7F8D311-D245-4B09-940F-78F69DCC2180}.Release|Any CPU.Build.0 = Release|Any CPU
		{483CFD92-A760-4AE4-8240-05D3D1CCF1DC}.Debug|Any CPU.ActiveCfg = Debug|Any CPU
		{483CFD92-A760-4AE4-8240-05D3D1CCF1DC}.Debug|Any CPU.Build.0 = Debug|Any CPU
		{483CFD92-A760-4AE4-8240-05D3D1CCF1DC}.Release|Any CPU.ActiveCfg = Release|Any CPU
		{483CFD92-A760-4AE4-8240-05D3D1CCF1DC}.Release|Any CPU.Build.0 = Release|Any CPU
		{DF0BD5EE-399E-4AA2-B824-08620A587E89}.Debug|Any CPU.ActiveCfg = Debug|Any CPU
		{DF0BD5EE-399E-4AA2-B824-08620A587E89}.Debug|Any CPU.Build.0 = Debug|Any CPU
		{DF0BD5EE-399E-4AA2-B824-08620A587E89}.Release|Any CPU.ActiveCfg = Release|Any CPU
		{DF0BD5EE-399E-4AA2-B824-08620A587E89}.Release|Any CPU.Build.0 = Release|Any CPU
		{667A7455-F61E-4716-935C-99D5A15B5B33}.Debug|Any CPU.ActiveCfg = Debug|Any CPU
		{667A7455-F61E-4716-935C-99D5A15B5B33}.Debug|Any CPU.Build.0 = Debug|Any CPU
		{667A7455-F61E-4716-935C-99D5A15B5B33}.Release|Any CPU.ActiveCfg = Release|Any CPU
		{667A7455-F61E-4716-935C-99D5A15B5B33}.Release|Any CPU.Build.0 = Release|Any CPU
		{815060E7-B334-44E5-934E-B08357F756FB}.Debug|Any CPU.ActiveCfg = Debug|Any CPU
		{815060E7-B334-44E5-934E-B08357F756FB}.Debug|Any CPU.Build.0 = Debug|Any CPU
		{815060E7-B334-44E5-934E-B08357F756FB}.Release|Any CPU.ActiveCfg = Release|Any CPU
		{815060E7-B334-44E5-934E-B08357F756FB}.Release|Any CPU.Build.0 = Release|Any CPU
		{48B3EC82-B868-456F-906B-D1984487E268}.Debug|Any CPU.ActiveCfg = Debug|Any CPU
		{48B3EC82-B868-456F-906B-D1984487E268}.Debug|Any CPU.Build.0 = Debug|Any CPU
		{48B3EC82-B868-456F-906B-D1984487E268}.Release|Any CPU.ActiveCfg = Release|Any CPU
		{48B3EC82-B868-456F-906B-D1984487E268}.Release|Any CPU.Build.0 = Release|Any CPU
		{A3C6D7BA-8F1B-4004-96B6-42A927119575}.Debug|Any CPU.ActiveCfg = Debug|Any CPU
		{A3C6D7BA-8F1B-4004-96B6-42A927119575}.Debug|Any CPU.Build.0 = Debug|Any CPU
		{A3C6D7BA-8F1B-4004-96B6-42A927119575}.Release|Any CPU.ActiveCfg = Release|Any CPU
		{A3C6D7BA-8F1B-4004-96B6-42A927119575}.Release|Any CPU.Build.0 = Release|Any CPU
		{927C3CDD-3D97-4021-AF19-1CDCBCC99FD0}.Debug|Any CPU.ActiveCfg = Debug|Any CPU
		{927C3CDD-3D97-4021-AF19-1CDCBCC99FD0}.Debug|Any CPU.Build.0 = Debug|Any CPU
		{927C3CDD-3D97-4021-AF19-1CDCBCC99FD0}.Release|Any CPU.ActiveCfg = Release|Any CPU
		{927C3CDD-3D97-4021-AF19-1CDCBCC99FD0}.Release|Any CPU.Build.0 = Release|Any CPU
	EndGlobalSection
	GlobalSection(SolutionProperties) = preSolution
		HideSolutionNode = FALSE
	EndGlobalSection
	GlobalSection(NestedProjects) = preSolution
		{0525647A-9404-40C7-9259-CCC707AEE49E} = {B6001319-9B0E-4C38-9D30-5CEB8E684CD1}
		{D799AFB7-6552-45C7-B616-D106B0007A46} = {0525647A-9404-40C7-9259-CCC707AEE49E}
		{C2FCF98B-A9E9-42B0-A4D6-FC63F0E6809F} = {0BC4F4E5-9690-4BC2-B8D8-DC93380AEBBD}
		{E3FC6150-5DB5-4A97-9471-439C1FCF13E2} = {25DF9242-D96D-40B7-ADE4-E353D66EB212}
		{B7F8D311-D245-4B09-940F-78F69DCC2180} = {AC8899D2-EA48-4C00-9F16-5B7EE8F1291C}
		{483CFD92-A760-4AE4-8240-05D3D1CCF1DC} = {037379CE-BF1F-4FEC-B808-669AE0118B48}
		{DF0BD5EE-399E-4AA2-B824-08620A587E89} = {0709EA95-731B-45B7-8936-BB537B1D2B11}
		{667A7455-F61E-4716-935C-99D5A15B5B33} = {0709EA95-731B-45B7-8936-BB537B1D2B11}
		{815060E7-B334-44E5-934E-B08357F756FB} = {0709EA95-731B-45B7-8936-BB537B1D2B11}
		{48B3EC82-B868-456F-906B-D1984487E268} = {0709EA95-731B-45B7-8936-BB537B1D2B11}
		{0BC4F4E5-9690-4BC2-B8D8-DC93380AEBBD} = {D799AFB7-6552-45C7-B616-D106B0007A46}
		{25DF9242-D96D-40B7-ADE4-E353D66EB212} = {D799AFB7-6552-45C7-B616-D106B0007A46}
		{AC8899D2-EA48-4C00-9F16-5B7EE8F1291C} = {D799AFB7-6552-45C7-B616-D106B0007A46}
		{037379CE-BF1F-4FEC-B808-669AE0118B48} = {D799AFB7-6552-45C7-B616-D106B0007A46}
		{A3C6D7BA-8F1B-4004-96B6-42A927119575} = {0709EA95-731B-45B7-8936-BB537B1D2B11}
		{927C3CDD-3D97-4021-AF19-1CDCBCC99FD0} = {0709EA95-731B-45B7-8936-BB537B1D2B11}
	EndGlobalSection
	GlobalSection(ExtensibilityGlobals) = postSolution
		SolutionGuid = {93E05ED8-F059-4598-95AB-7305A09FDA39}
	EndGlobalSection
EndGlobal
